
Microsoft Visual Studio Solution File, Format Version 12.00
# Visual Studio Version 17
VisualStudioVersion = 17.10.35013.160
MinimumVisualStudioVersion = 10.0.40219.1
Project("{FAE04EC0-301F-11D3-BF4B-00C04F79EFBC}") = "XPBanking.API", "XPBanking.API\XPBanking.API.csproj", "{C56E014A-15E1-4391-B7BF-1C8C7D6F76D4}"
EndProject
Global
	GlobalSection(SolutionConfigurationPlatforms) = preSolution
		Debug|Any CPU = Debug|Any CPU
		Release|Any CPU = Release|Any CPU
	EndGlobalSection
	GlobalSection(ProjectConfigurationPlatforms) = postSolution
		{C56E014A-15E1-4391-B7BF-1C8C7D6F76D4}.Debug|Any CPU.ActiveCfg = Debug|Any CPU
		{C56E014A-15E1-4391-B7BF-1C8C7D6F76D4}.Debug|Any CPU.Build.0 = Debug|Any CPU
		{C56E014A-15E1-4391-B7BF-1C8C7D6F76D4}.Release|Any CPU.ActiveCfg = Release|Any CPU
		{C56E014A-15E1-4391-B7BF-1C8C7D6F76D4}.Release|Any CPU.Build.0 = Release|Any CPU
	EndGlobalSection
	GlobalSection(SolutionProperties) = preSolution
		HideSolutionNode = FALSE
	EndGlobalSection
	GlobalSection(ExtensibilityGlobals) = postSolution
		SolutionGuid = {8FFD45C5-0C21-420B-8983-FF7C5A7ED3F8}
	EndGlobalSection
EndGlobal
